<?xml version="1.0" encoding="utf-8"?>
<Project ToolsVersion="4.0" xmlns="http://schemas.microsoft.com/developer/msbuild/2003">
  <ItemGroup>
    <Filter Include="Source Files">
      <UniqueIdentifier>{4FC737F1-C7A5-4376-A066-2A32D752A2FF}</UniqueIdentifier>
      <Extensions>cpp;c;cc;cxx;def;odl;idl;hpj;bat;asm;asmx</Extensions>
    </Filter>
    <Filter Include="Source Files\hooks">
      <UniqueIdentifier>{e893df6b-d581-446c-b177-b7a11aa7769a}</UniqueIdentifier>
    </Filter>
    <Filter Include="Source Files\menu">
      <UniqueIdentifier>{22e5ac79-30aa-4c38-bc4b-b9c865cc8771}</UniqueIdentifier>
    </Filter>
    <Filter Include="Source Files\hooks\game">
      <UniqueIdentifier>{dc598826-7ed4-4dd9-80fe-8dad20f9bfd0}</UniqueIdentifier>
    </Filter>
    <Filter Include="Source Files\visuals">
      <UniqueIdentifier>{1abc76c2-b70f-41d6-a611-43abb0833d64}</UniqueIdentifier>
    </Filter>
    <Filter Include="Source Files\rage">
      <UniqueIdentifier>{df8c9c2b-9a8f-4d4b-b0c3-370965135dda}</UniqueIdentifier>
    </Filter>
    <Filter Include="Source Files\misc">
      <UniqueIdentifier>{5b8576c2-151d-438f-a109-4fb2f13e0f83}</UniqueIdentifier>
    </Filter>
    <Filter Include="Source Files\main">
      <UniqueIdentifier>{14bca276-a5d6-4d54-9d40-bb59e7520b7e}</UniqueIdentifier>
    </Filter>
    <Filter Include="Source Files\other">
      <UniqueIdentifier>{7eb16045-145d-4d74-80a5-bce00ba7224e}</UniqueIdentifier>
    </Filter>
    <Filter Include="Source Files\framework">
      <UniqueIdentifier>{b9f91652-ff68-48a0-8f74-6babefb2530a}</UniqueIdentifier>
    </Filter>
    <Filter Include="Source Files\sdk">
      <UniqueIdentifier>{bba5f127-82c5-43c9-a85a-205e279d80bc}</UniqueIdentifier>
    </Filter>
    <Filter Include="Source Files\util">
      <UniqueIdentifier>{9f8cdbf9-8eba-428f-a821-1ebd723bce5f}</UniqueIdentifier>
    </Filter>
    <Filter Include="Source Files\util\contrib">
      <UniqueIdentifier>{203aec8b-15f9-4e88-b0c7-d51d4a57be52}</UniqueIdentifier>
    </Filter>
    <Filter Include="Source Files\util\other">
      <UniqueIdentifier>{8c316b62-e5cb-4af6-b70a-63f85bc965cb}</UniqueIdentifier>
    </Filter>
  </ItemGroup>
  <ItemGroup>
    <ClInclude Include="./source/address.h">
      <Filter>Source Files\util</Filter>
    </ClInclude>
    <ClInclude Include="./source/angle.h">
      <Filter>Source Files\sdk</Filter>
    </ClInclude>
    <ClInclude Include="./source/basehandle.h">
      <Filter>Source Files\sdk</Filter>
    </ClInclude>
    <ClInclude Include="./source/callbacks.h">
      <Filter>Source Files\framework</Filter>
    </ClInclude>
    <ClInclude Include="./source/checkbox.h">
      <Filter>Source Files\framework</Filter>
    </ClInclude>
    <ClInclude Include="./source/clientclass.h">
      <Filter>Source Files\sdk</Filter>
    </ClInclude>
    <ClInclude Include="./source/clientdll.h">
      <Filter>Source Files\sdk</Filter>
    </ClInclude>
    <ClInclude Include="./source/clientmode.h">
      <Filter>Source Files\sdk</Filter>
    </ClInclude>
    <ClInclude Include="./source/color.h">
      <Filter>Source Files\sdk</Filter>
    </ClInclude>
    <ClInclude Include="./source/colorpicker.h">
      <Filter>Source Files\framework</Filter>
    </ClInclude>
    <ClInclude Include="./source/cvar.h">
      <Filter>Source Files\sdk</Filter>
    </ClInclude>
    <ClInclude Include="./source/datamap.h">
      <Filter>Source Files\sdk</Filter>
    </ClInclude>
    <ClInclude Include="./source/dropdown.h">
      <Filter>Source Files\framework</Filter>
    </ClInclude>
    <ClInclude Include="./source/element.h">
      <Filter>Source Files\framework</Filter>
    </ClInclude>
    <ClInclude Include="./source/engineclient.h">
      <Filter>Source Files\sdk</Filter>
    </ClInclude>
    <ClInclude Include="./source/entity.h">
      <Filter>Source Files\sdk</Filter>
    </ClInclude>
    <ClInclude Include="./source/entlist.h">
      <Filter>Source Files\sdk</Filter>
    </ClInclude>
    <ClInclude Include="./source/game.h">
      <Filter>Source Files\sdk</Filter>
    </ClInclude>
    <ClInclude Include="./source/globalvars.h">
      <Filter>Source Files\sdk</Filter>
    </ClInclude>
    <ClInclude Include="./source/glow.h">
      <Filter>Source Files\sdk</Filter>
    </ClInclude>
    <ClInclude Include="./source/gui.h">
      <Filter>Source Files\framework</Filter>
    </ClInclude>
    <ClInclude Include="./source/hash.h">
      <Filter>Source Files\util</Filter>
    </ClInclude>
    <ClInclude Include="./source/input.h">
      <Filter>Source Files\sdk</Filter>
    </ClInclude>
    <ClInclude Include="./source/matrix.h">
      <Filter>Source Files\sdk</Filter>
    </ClInclude>
    <ClInclude Include="./source/memalloc.h">
      <Filter>Source Files\sdk</Filter>
    </ClInclude>
    <ClInclude Include="./source/menu.h">
      <Filter>Source Files\framework</Filter>
    </ClInclude>
    <ClInclude Include="./source/modules.h">
      <Filter>Source Files\util</Filter>
    </ClInclude>
    <ClInclude Include="./source/pattern.h">
      <Filter>Source Files\util</Filter>
    </ClInclude>
    <ClInclude Include="./source/pe.h">
      <Filter>Source Files\util</Filter>
    </ClInclude>
    <ClInclude Include="./source/prediction.h">
      <Filter>Source Files\sdk</Filter>
    </ClInclude>
    <ClInclude Include="./source/sdk.h">
      <Filter>Source Files\sdk</Filter>
    </ClInclude>
    <ClInclude Include="./source/util.h">
      <Filter>Source Files\util</Filter>
    </ClInclude>
    <ClInclude Include="./source/utlvector.h">
      <Filter>Source Files\sdk</Filter>
    </ClInclude>
    <ClInclude Include="./source/vector2.h">
      <Filter>Source Files\sdk</Filter>
    </ClInclude>
    <ClInclude Include="./source/vector3.h">
      <Filter>Source Files\sdk</Filter>
    </ClInclude>
    <ClInclude Include="./source/trace.h">
      <Filter>Source Files\sdk</Filter>
    </ClInclude>
    <ClInclude Include="./source/vmt.h">
      <Filter>Source Files\util</Filter>
    </ClInclude>
    <ClInclude Include="./source/winapir.h">
      <Filter>Source Files\util</Filter>
    </ClInclude>
    <ClInclude Include="./source/xorstr.h">
      <Filter>Source Files\util</Filter>
    </ClInclude>
    <ClInclude Include="./source/tab.h">
      <Filter>Source Files\framework</Filter>
    </ClInclude>
    <ClInclude Include="./source/surface.h">
      <Filter>Source Files\sdk</Filter>
    </ClInclude>
    <ClInclude Include="./source/stack.h">
      <Filter>Source Files\util</Filter>
    </ClInclude>
    <ClInclude Include="./source/slider.h">
      <Filter>Source Files\framework</Filter>
    </ClInclude>
    <ClInclude Include="./source/studio.h">
      <Filter>Source Files\sdk</Filter>
    </ClInclude>
    <ClInclude Include="./source/multidropdown.h">
      <Filter>Source Files\framework</Filter>
    </ClInclude>
    <ClInclude Include="./source/form.h">
      <Filter>Source Files\framework</Filter>
    </ClInclude>
    <ClInclude Include="./source/studiorender.h">
      <Filter>Source Files\sdk</Filter>
    </ClInclude>
    <ClInclude Include="./source/nt.h">
      <Filter>Source Files\util</Filter>
    </ClInclude>
    <ClInclude Include="./source/unique_vector.h">
      <Filter>Source Files\util</Filter>
    </ClInclude>
    <ClInclude Include="./source/gameevents.h">
      <Filter>Source Files\sdk</Filter>
    </ClInclude>
    <ClInclude Include="./source/edit.h">
      <Filter>Source Files\framework</Filter>
    </ClInclude>
    <ClInclude Include="./source/keybind.h">
      <Filter>Source Files\framework</Filter>
    </ClInclude>
    <ClInclude Include="./source/matchframework.h">
      <Filter>Source Files\sdk</Filter>
    </ClInclude>
    <ClInclude Include="./source/hud.h">
      <Filter>Source Files\sdk</Filter>
    </ClInclude>
    <ClInclude Include="./source/tinyformat.h">
      <Filter>Source Files\util\contrib</Filter>
    </ClInclude>
    <ClInclude Include="./source/localize.h">
      <Filter>Source Files\sdk</Filter>
    </ClInclude>
    <ClInclude Include="./source/config.h">
      <Filter>Source Files\framework</Filter>
    </ClInclude>
    <ClInclude Include="./source/json.h">
      <Filter>Source Files\util\contrib</Filter>
    </ClInclude>
    <ClInclude Include="./source/button.h">
      <Filter>Source Files\framework</Filter>
    </ClInclude>
    <ClInclude Include="./source/base64.h">
      <Filter>Source Files\util\contrib</Filter>
    </ClInclude>
    <ClInclude Include="./source/syscall.h">
      <Filter>Source Files\util</Filter>
    </ClInclude>
    <ClInclude Include="./source/x86.h">
      <Filter>Source Files\util</Filter>
    </ClInclude>
    <ClInclude Include="./source/gamerules.h">
      <Filter>Source Files\sdk</Filter>
    </ClInclude>
    <ClInclude Include="./source/beams.h">
      <Filter>Source Files\sdk</Filter>
    </ClInclude>
    <ClInclude Include="./source/networkstringtable.h">
      <Filter>Source Files\sdk</Filter>
    </ClInclude>
    <ClInclude Include="./source/sound.h">
      <Filter>Source Files\sdk</Filter>
    </ClInclude>
    <ClInclude Include="./source/chams.h">
      <Filter>Source Files\visuals</Filter>
    </ClInclude>
    <ClInclude Include="./source/visuals.h">
      <Filter>Source Files\visuals</Filter>
    </ClInclude>
    <ClInclude Include="./source/aimbot.h">
      <Filter>Source Files\rage</Filter>
    </ClInclude>
    <ClInclude Include="./source/resolver.h">
      <Filter>Source Files\rage</Filter>
    </ClInclude>
    <ClInclude Include="./source/penetration.h">
      <Filter>Source Files\rage</Filter>
    </ClInclude>
    <ClInclude Include="./source/hvh.h">
      <Filter>Source Files\rage</Filter>
    </ClInclude>
    <ClInclude Include="./source/skins.h">
      <Filter>Source Files\misc</Filter>
    </ClInclude>
    <ClInclude Include="./source/movement.h">
      <Filter>Source Files\misc</Filter>
    </ClInclude>
    <ClInclude Include="./source/shots.h">
      <Filter>Source Files\rage</Filter>
    </ClInclude>
    <ClInclude Include="./source/grenades.h">
      <Filter>Source Files\misc</Filter>
    </ClInclude>
    <ClInclude Include="./source/events.h">
      <Filter>Source Files\misc</Filter>
    </ClInclude>
    <ClInclude Include="./source/render.h">
      <Filter>Source Files\main</Filter>
    </ClInclude>
    <ClInclude Include="./source/csgo.h">
      <Filter>Source Files\main</Filter>
    </ClInclude>
    <ClInclude Include="./source/client.h">
      <Filter>Source Files\main</Filter>
    </ClInclude>
    <ClInclude Include="./source/pred.h">
      <Filter>Source Files\other</Filter>
    </ClInclude>
    <ClInclude Include="./source/netdata.h">
      <Filter>Source Files\other</Filter>
    </ClInclude>
    <ClInclude Include="./source/math.h">
      <Filter>Source Files\other</Filter>
    </ClInclude>
    <ClInclude Include="./source/lagcomp.h">
      <Filter>Source Files\other</Filter>
    </ClInclude>
    <ClInclude Include="./source/bonesetup.h">
      <Filter>Source Files\other</Filter>
    </ClInclude>
    <ClInclude Include="./source/notify.h">
      <Filter>Source Files\util\other</Filter>
    </ClInclude>
    <ClInclude Include="./source/netvars.h">
      <Filter>Source Files\util\other</Filter>
    </ClInclude>
    <ClInclude Include="./source/lagrecord.h">
      <Filter>Source Files\util\other</Filter>
    </ClInclude>
    <ClInclude Include="./source/interfaces.h">
      <Filter>Source Files\util\other</Filter>
    </ClInclude>
    <ClInclude Include="./source/includes.h">
      <Filter>Source Files\util\other</Filter>
    </ClInclude>
    <ClInclude Include="./source/hooks.h">
      <Filter>Source Files\util\other</Filter>
    </ClInclude>
    <ClInclude Include="./source/entoffsets.h">
      <Filter>Source Files\util\other</Filter>
    </ClInclude>
  </ItemGroup>
  <ItemGroup>
    <ClCompile Include="./source/callbacks.cpp">
      <Filter>Source Files\menu</Filter>
    </ClCompile>
    <ClCompile Include="./source/checkbox.cpp">
      <Filter>Source Files\menu</Filter>
    </ClCompile>
    <ClCompile Include="./source/colorpicker.cpp">
      <Filter>Source Files\menu</Filter>
    </ClCompile>
    <ClCompile Include="./source/dropdown.cpp">
      <Filter>Source Files\menu</Filter>
    </ClCompile>
    <ClCompile Include="./source/form.cpp">
      <Filter>Source Files\menu</Filter>
    </ClCompile>
    <ClCompile Include="./source/slider.cpp">
      <Filter>Source Files\menu</Filter>
    </ClCompile>
    <ClCompile Include="./source/gui.cpp">
      <Filter>Source Files\menu</Filter>
    </ClCompile>
    <ClCompile Include="./source/multidropdown.cpp">
      <Filter>Source Files\menu</Filter>
    </ClCompile>
    <ClCompile Include="./source/hooks.cpp">
      <Filter>Source Files\hooks</Filter>
    </ClCompile>
    <ClCompile Include="./source/wndproc.cpp">
      <Filter>Source Files\hooks</Filter>
    </ClCompile>
    <ClCompile Include="./source/viewrender.cpp">
      <Filter>Source Files\hooks\game</Filter>
    </ClCompile>
    <ClCompile Include="./source/prediction.cpp">
      <Filter>Source Files\hooks\game</Filter>
    </ClCompile>
    <ClCompile Include="./source/netchannel.cpp">
      <Filter>Source Files\hooks\game</Filter>
    </ClCompile>
    <ClCompile Include="./source/panel.cpp">
      <Filter>Source Files\hooks\game</Filter>
    </ClCompile>
    <ClCompile Include="./source/clientmode.cpp">
      <Filter>Source Files\hooks\game</Filter>
    </ClCompile>
    <ClCompile Include="./source/surface.cpp">
      <Filter>Source Files\hooks\game</Filter>
    </ClCompile>
    <ClCompile Include="./source/clientdll.cpp">
      <Filter>Source Files\hooks\game</Filter>
    </ClCompile>
    <ClCompile Include="./source/engine.cpp">
      <Filter>Source Files\hooks\game</Filter>
    </ClCompile>
    <ClCompile Include="./source/shadowmgr.cpp">
      <Filter>Source Files\hooks\game</Filter>
    </ClCompile>
    <ClCompile Include="./source/renderview.cpp">
      <Filter>Source Files\hooks\game</Filter>
    </ClCompile>
    <ClCompile Include="./source/cvar.cpp">
      <Filter>Source Files\hooks</Filter>
    </ClCompile>
    <ClCompile Include="./source/player.cpp">
      <Filter>Source Files\hooks</Filter>
    </ClCompile>
    <ClCompile Include="./source/modelrender.cpp">
      <Filter>Source Files\hooks\game</Filter>
    </ClCompile>
    <ClCompile Include="./source/edit.cpp">
      <Filter>Source Files\menu</Filter>
    </ClCompile>
    <ClCompile Include="./source/keybind.cpp">
      <Filter>Source Files\menu</Filter>
    </ClCompile>
    <ClCompile Include="./source/matchframework.cpp">
      <Filter>Source Files\hooks\game</Filter>
    </ClCompile>
    <ClCompile Include="./source/materialsystem.cpp">
      <Filter>Source Files\hooks\game</Filter>
    </ClCompile>
    <ClCompile Include="./source/config.cpp">
      <Filter>Source Files\menu</Filter>
    </ClCompile>
    <ClCompile Include="./source/button.cpp">
      <Filter>Source Files\menu</Filter>
    </ClCompile>
    <ClCompile Include="./source/firebullets.cpp">
      <Filter>Source Files\hooks</Filter>
    </ClCompile>
    <ClCompile Include="./source/clientstate.cpp">
      <Filter>Source Files\hooks\game</Filter>
    </ClCompile>
    <ClCompile Include="./source/visuals.cpp">
      <Filter>Source Files\visuals</Filter>
    </ClCompile>
    <ClCompile Include="./source/chams.cpp">
      <Filter>Source Files\visuals</Filter>
    </ClCompile>
    <ClCompile Include="./source/aimbot.cpp">
      <Filter>Source Files\rage</Filter>
    </ClCompile>
    <ClCompile Include="./source/knifebot.cpp">
      <Filter>Source Files\rage</Filter>
    </ClCompile>
    <ClCompile Include="./source/resolver.cpp">
      <Filter>Source Files\rage</Filter>
    </ClCompile>
    <ClCompile Include="./source/penetration.cpp">
      <Filter>Source Files\rage</Filter>
    </ClCompile>
    <ClCompile Include="./source/hvh.cpp">
      <Filter>Source Files\rage</Filter>
    </ClCompile>
    <ClCompile Include="./source/skins.cpp">
      <Filter>Source Files\misc</Filter>
    </ClCompile>
    <ClCompile Include="./source/movement.cpp">
      <Filter>Source Files\misc</Filter>
    </ClCompile>
    <ClCompile Include="./source/events.cpp">
      <Filter>Source Files\misc</Filter>
    </ClCompile>
    <ClCompile Include="./source/shots.cpp">
      <Filter>Source Files\rage</Filter>
    </ClCompile>
    <ClCompile Include="./source/grenades.cpp">
      <Filter>Source Files\misc</Filter>
    </ClCompile>
    <ClCompile Include="./source/client.cpp">
      <Filter>Source Files\main</Filter>
    </ClCompile>
    <ClCompile Include="./source/csgo.cpp">
      <Filter>Source Files\main</Filter>
    </ClCompile>
    <ClCompile Include="./source/entry.cpp">
      <Filter>Source Files\main</Filter>
    </ClCompile>
    <ClCompile Include="./source/render.cpp">
      <Filter>Source Files\main</Filter>
    </ClCompile>
    <ClCompile Include="./source/pred.cpp">
      <Filter>Source Files\other</Filter>
    </ClCompile>
    <ClCompile Include="./source/netdata.cpp">
      <Filter>Source Files\other</Filter>
    </ClCompile>
    <ClCompile Include="./source/math.cpp">
      <Filter>Source Files\other</Filter>
    </ClCompile>
    <ClCompile Include="./source/bonesetup.cpp">
      <Filter>Source Files\other</Filter>
    </ClCompile>
    <ClCompile Include="./source/lagcomp.cpp">
      <Filter>Source Files\other</Filter>
    </ClCompile>
  </ItemGroup>
</Project>